github.com/Juniper/go-netconf v0.1.1 h1:5fx/T7L2Fwq51UnESPOP1CXgGCs7IYxR/pnyC5quu/k=
github.com/Juniper/go-netconf v0.1.1/go.mod h1:2Fy6tQTWnL//D/Ll1hb0RYXN4jndcTyneRn6xj5E1VE=
github.com/Juniper/go-netconf v0.1.2-0.20210226165350-bb51e84ff02b h1:eZEDTAhVH3vd2wKqaUzeu+dXgZSyNqi2wp7vX7n65kQ=
github.com/Juniper/go-netconf v0.1.2-0.20210226165350-bb51e84ff02b/go.mod h1:QhfUOux77kzKAdY1+DOpQswtzp7LeeooYTn2MT7iXkY=
github.com/google/go-cmp v0.5.1/go.mod h1:v8dTdLbMG2kIc/vJvl+f65V22dbkXbowE6jgT/gNBxE=
github.com/kotakanbe/go-pingscanner v0.1.0 h1:VG4/9l0i8WeToXclj7bIGoAZAu7a07Z3qmQiIfU0gT0=
github.com/kotakanbe/go-pingscanner v0.1.0/go.mod h1:/761QZzuZFcfN8h/1QuawUA+pKukp3qcNj5mxJCOiAk=
github.com/ziutek/telnet v0.0.0-20180329124119-c3b780dc415b h1:VfPXB/wCGGt590QhD1bOpv2J/AmC/RJNTg/Q59HKSB0=
github.com/ziutek/telnet v0.0.0-20180329124119-c3b780dc415b/go.mod h1:IZpXDfkJ6tWD3PhBK5YzgQT+xJWh7OsdwiG8hA2MkO4=
golang.org/x/crypto v0.0.0-20190308221718-c2843e01d9a2/go.mod h1:djNgcEr1/C05ACkg1iLfiJU5Ep61QUkGW8qpdssI0+w=
golang.org/x/crypto v0.0.0-20200728195943-123391ffb6de/go.mod h1:LzIPMQfyMNhhGPhUkYOs5KpL4U8rLKemX1yGLhDgUto=
golang.org/x/crypto v0.0.0-20220213190939-1e6e3497d506 h1:EuGTJDfeg/PGZJp3gq1K+14eSLFTsrj1eg8KQuiUyKg=
golang.org/x/crypto v0.0.0-20220213190939-1e6e3497d506/go.mod h1:IxCIyHEi3zRg3s0A5j5BB6A9Jmi73HwBIUl50j+osU4=
golang.org/x/net v0.0.0-20190404232315-eb5bcb51f2a3/go.mod h1:t9HGtf8HONx5eT2rtn7q6eTqICYqUVnKs3thJo3Qplg=
golang.org/x/sys v0.0.0-20190215142949-d0b11bdaac8a/go.mod h1:STP8DvDyc/dI5b8T5hshtkjS+E42TnysNCUPdjciGhY=
golang.org/x/sys v0.0.0-20190412213103-97732733099d/go.mod h1:h1NjWce9XRLGQEsW7wpKNCjG9DtNlClVuFLEZdDNbEs=
golang.org/x/sys v0.0.0-20210615035016-665e8c7367d1 h1:SrN+KX8Art/Sf4HNj6Zcz06G7VEz+7w9tdXTPOZ7+l4=
golang.org/x/sys v0.0.0-20210615035016-665e8c7367d1/go.mod h1:oPkhp1MJrh7nUepCBck5+mAzfO9JrbApNNgaTdGDITg=
golang.org/x/text v0.3.0/go.mod h1:NqM8EUOU14njkJ3fqMW+pc6Ldnwhi/IjpwHt7yyuwOQ=
golang.org/x/xerrors v0.0.0-20191204190536-9bdfabe68543/go.mod h1:I/5z698sn9Ka8TeJc9MKroUUfqBBauWjQqLJ2OPfmY0=
